
Microsoft Visual Studio Solution File, Format Version 12.00
# Visual Studio Version 16
VisualStudioVersion = 16.0.29209.62
MinimumVisualStudioVersion = 10.0.40219.1
Project("{FAE04EC0-301F-11D3-BF4B-00C04F79EFBC}") = "Spha.Android", "Spha\Spha.Android\Spha.Android.csproj", "{765A073C-9CA2-4FBC-9031-EFC67FF2BAD3}"
EndProject
Project("{FAE04EC0-301F-11D3-BF4B-00C04F79EFBC}") = "Spha.iOS", "Spha\Spha.iOS\Spha.iOS.csproj", "{18BCC78C-4ACD-48CF-BEFC-F7B0D914CAE1}"
EndProject
Project("{FAE04EC0-301F-11D3-BF4B-00C04F79EFBC}") = "Spha", "Spha\Spha\Spha.csproj", "{3BE3725D-085F-4234-AF27-F385748E582D}"
EndProject
Global
	GlobalSection(SolutionConfigurationPlatforms) = preSolution
		Debug|Any CPU = Debug|Any CPU
		Debug|iPhone = Debug|iPhone
		Debug|iPhoneSimulator = Debug|iPhoneSimulator
		Release|Any CPU = Release|Any CPU
		Release|iPhone = Release|iPhone
		Release|iPhoneSimulator = Release|iPhoneSimulator
	EndGlobalSection
	GlobalSection(ProjectConfigurationPlatforms) = postSolution
		{765A073C-9CA2-4FBC-9031-EFC67FF2BAD3}.Debug|Any CPU.ActiveCfg = Debug|Any CPU
		{765A073C-9CA2-4FBC-9031-EFC67FF2BAD3}.Debug|Any CPU.Build.0 = Debug|Any CPU
		{765A073C-9CA2-4FBC-9031-EFC67FF2BAD3}.Debug|Any CPU.Deploy.0 = Debug|Any CPU
		{765A073C-9CA2-4FBC-9031-EFC67FF2BAD3}.Debug|iPhone.ActiveCfg = Debug|Any CPU
		{765A073C-9CA2-4FBC-9031-EFC67FF2BAD3}.Debug|iPhone.Build.0 = Debug|Any CPU
		{765A073C-9CA2-4FBC-9031-EFC67FF2BAD3}.Debug|iPhone.Deploy.0 = Debug|Any CPU
		{765A073C-9CA2-4FBC-9031-EFC67FF2BAD3}.Debug|iPhoneSimulator.ActiveCfg = Debug|Any CPU
		{765A073C-9CA2-4FBC-9031-EFC67FF2BAD3}.Debug|iPhoneSimulator.Build.0 = Debug|Any CPU
		{765A073C-9CA2-4FBC-9031-EFC67FF2BAD3}.Debug|iPhoneSimulator.Deploy.0 = Debug|Any CPU
		{765A073C-9CA2-4FBC-9031-EFC67FF2BAD3}.Release|Any CPU.ActiveCfg = Release|Any CPU
		{765A073C-9CA2-4FBC-9031-EFC67FF2BAD3}.Release|Any CPU.Build.0 = Release|Any CPU
		{765A073C-9CA2-4FBC-9031-EFC67FF2BAD3}.Release|Any CPU.Deploy.0 = Release|Any CPU
		{765A073C-9CA2-4FBC-9031-EFC67FF2BAD3}.Release|iPhone.ActiveCfg = Release|Any CPU
		{765A073C-9CA2-4FBC-9031-EFC67FF2BAD3}.Release|iPhone.Build.0 = Release|Any CPU
		{765A073C-9CA2-4FBC-9031-EFC67FF2BAD3}.Release|iPhone.Deploy.0 = Release|Any CPU
		{765A073C-9CA2-4FBC-9031-EFC67FF2BAD3}.Release|iPhoneSimulator.ActiveCfg = Release|Any CPU
		{765A073C-9CA2-4FBC-9031-EFC67FF2BAD3}.Release|iPhoneSimulator.Build.0 = Release|Any CPU
		{765A073C-9CA2-4FBC-9031-EFC67FF2BAD3}.Release|iPhoneSimulator.Deploy.0 = Release|Any CPU
		{18BCC78C-4ACD-48CF-BEFC-F7B0D914CAE1}.Debug|Any CPU.ActiveCfg = Debug|iPhoneSimulator
		{18BCC78C-4ACD-48CF-BEFC-F7B0D914CAE1}.Debug|Any CPU.Build.0 = Debug|iPhoneSimulator
		{18BCC78C-4ACD-48CF-BEFC-F7B0D914CAE1}.Debug|Any CPU.Deploy.0 = Debug|iPhoneSimulator
		{18BCC78C-4ACD-48CF-BEFC-F7B0D914CAE1}.Debug|iPhone.ActiveCfg = Debug|iPhone
		{18BCC78C-4ACD-48CF-BEFC-F7B0D914CAE1}.Debug|iPhone.Build.0 = Debug|iPhone
		{18BCC78C-4ACD-48CF-BEFC-F7B0D914CAE1}.Debug|iPhone.Deploy.0 = Debug|iPhone
		{18BCC78C-4ACD-48CF-BEFC-F7B0D914CAE1}.Debug|iPhoneSimulator.ActiveCfg = Debug|iPhoneSimulator
		{18BCC78C-4ACD-48CF-BEFC-F7B0D914CAE1}.Debug|iPhoneSimulator.Build.0 = Debug|iPhoneSimulator
		{18BCC78C-4ACD-48CF-BEFC-F7B0D914CAE1}.Debug|iPhoneSimulator.Deploy.0 = Debug|iPhoneSimulator
		{18BCC78C-4ACD-48CF-BEFC-F7B0D914CAE1}.Release|Any CPU.ActiveCfg = Release|iPhone
		{18BCC78C-4ACD-48CF-BEFC-F7B0D914CAE1}.Release|Any CPU.Build.0 = Release|iPhone
		{18BCC78C-4ACD-48CF-BEFC-F7B0D914CAE1}.Release|Any CPU.Deploy.0 = Release|iPhone
		{18BCC78C-4ACD-48CF-BEFC-F7B0D914CAE1}.Release|iPhone.ActiveCfg = Release|iPhone
		{18BCC78C-4ACD-48CF-BEFC-F7B0D914CAE1}.Release|iPhone.Build.0 = Release|iPhone
		{18BCC78C-4ACD-48CF-BEFC-F7B0D914CAE1}.Release|iPhone.Deploy.0 = Release|iPhone
		{18BCC78C-4ACD-48CF-BEFC-F7B0D914CAE1}.Release|iPhoneSimulator.ActiveCfg = Release|iPhoneSimulator
		{18BCC78C-4ACD-48CF-BEFC-F7B0D914CAE1}.Release|iPhoneSimulator.Build.0 = Release|iPhoneSimulator
		{18BCC78C-4ACD-48CF-BEFC-F7B0D914CAE1}.Release|iPhoneSimulator.Deploy.0 = Release|iPhoneSimulator
		{3BE3725D-085F-4234-AF27-F385748E582D}.Debug|Any CPU.ActiveCfg = Debug|Any CPU
		{3BE3725D-085F-4234-AF27-F385748E582D}.Debug|Any CPU.Build.0 = Debug|Any CPU
		{3BE3725D-085F-4234-AF27-F385748E582D}.Debug|Any CPU.Deploy.0 = Debug|Any CPU
		{3BE3725D-085F-4234-AF27-F385748E582D}.Debug|iPhone.ActiveCfg = Debug|Any CPU
		{3BE3725D-085F-4234-AF27-F385748E582D}.Debug|iPhone.Build.0 = Debug|Any CPU
		{3BE3725D-085F-4234-AF27-F385748E582D}.Debug|iPhone.Deploy.0 = Debug|Any CPU
		{3BE3725D-085F-4234-AF27-F385748E582D}.Debug|iPhoneSimulator.ActiveCfg = Debug|Any CPU
		{3BE3725D-085F-4234-AF27-F385748E582D}.Debug|iPhoneSimulator.Build.0 = Debug|Any CPU
		{3BE3725D-085F-4234-AF27-F385748E582D}.Debug|iPhoneSimulator.Deploy.0 = Debug|Any CPU
		{3BE3725D-085F-4234-AF27-F385748E582D}.Release|Any CPU.ActiveCfg = Release|Any CPU
		{3BE3725D-085F-4234-AF27-F385748E582D}.Release|Any CPU.Build.0 = Release|Any CPU
		{3BE3725D-085F-4234-AF27-F385748E582D}.Release|Any CPU.Deploy.0 = Release|Any CPU
		{3BE3725D-085F-4234-AF27-F385748E582D}.Release|iPhone.ActiveCfg = Release|Any CPU
		{3BE3725D-085F-4234-AF27-F385748E582D}.Release|iPhone.Build.0 = Release|Any CPU
		{3BE3725D-085F-4234-AF27-F385748E582D}.Release|iPhone.Deploy.0 = Release|Any CPU
		{3BE3725D-085F-4234-AF27-F385748E582D}.Release|iPhoneSimulator.ActiveCfg = Release|Any CPU
		{3BE3725D-085F-4234-AF27-F385748E582D}.Release|iPhoneSimulator.Build.0 = Release|Any CPU
		{3BE3725D-085F-4234-AF27-F385748E582D}.Release|iPhoneSimulator.Deploy.0 = Release|Any CPU
	EndGlobalSection
	GlobalSection(SolutionProperties) = preSolution
		HideSolutionNode = FALSE
	EndGlobalSection
	GlobalSection(ExtensibilityGlobals) = postSolution
		SolutionGuid = {D5BEE9A5-BE60-4B2D-A2D6-FACFEFA4308B}
	EndGlobalSection
EndGlobal
